// !$*UTF8*$!
{
	archiveVersion = 1;
	classes = {
	};
	objectVersion = 56;
	objects = {

/* Begin PBXBuildFile section */
		78D71F582C4BB28C00FCA58F /* AppDelegate.swift in Sources */ = {isa = PBXBuildFile; fileRef = 78D71F572C4BB28C00FCA58F /* AppDelegate.swift */; };
		78D71F5A2C4BB28C00FCA58F /* SceneDelegate.swift in Sources */ = {isa = PBXBuildFile; fileRef = 78D71F592C4BB28C00FCA58F /* SceneDelegate.swift */; };
		78D71F5C2C4BB28C00FCA58F /* ViewController.swift in Sources */ = {isa = PBXBuildFile; fileRef = 78D71F5B2C4BB28C00FCA58F /* ViewController.swift */; };
		78D71F5F2C4BB28C00FCA58F /* Main.storyboard in Resources */ = {isa = PBXBuildFile; fileRef = 78D71F5D2C4BB28C00FCA58F /* Main.storyboard */; };
		78D71F612C4BB28F00FCA58F /* Assets.xcassets in Resources */ = {isa = PBXBuildFile; fileRef = 78D71F602C4BB28F00FCA58F /* Assets.xcassets */; };
		78D71F642C4BB28F00FCA58F /* LaunchScreen.storyboard in Resources */ = {isa = PBXBuildFile; fileRef = 78D71F622C4BB28F00FCA58F /* LaunchScreen.storyboard */; };
		D889A6F72C4BB3C7005C1E66 /* APIHandler.swift in Sources */ = {isa = PBXBuildFile; fileRef = D889A6F62C4BB3C7005C1E66 /* APIHandler.swift */; };
		D889A6F92C4BB3E2005C1E66 /* serviceErrors.swift in Sources */ = {isa = PBXBuildFile; fileRef = D889A6F82C4BB3E2005C1E66 /* serviceErrors.swift */; };
		D889A6FC2C4BB46B005C1E66 /* constants.swift in Sources */ = {isa = PBXBuildFile; fileRef = D889A6FB2C4BB46B005C1E66 /* constants.swift */; };
/* End PBXBuildFile section */

/* Begin PBXFileReference section */
		78D71F542C4BB28C00FCA58F /* HackApp.app */ = {isa = PBXFileReference; explicitFileType = wrapper.application; includeInIndex = 0; path = HackApp.app; sourceTree = BUILT_PRODUCTS_DIR; };
		78D71F572C4BB28C00FCA58F /* AppDelegate.swift */ = {isa = PBXFileReference; lastKnownFileType = sourcecode.swift; path = AppDelegate.swift; sourceTree = "<group>"; };
		78D71F592C4BB28C00FCA58F /* SceneDelegate.swift */ = {isa = PBXFileReference; lastKnownFileType = sourcecode.swift; path = SceneDelegate.swift; sourceTree = "<group>"; };
		78D71F5B2C4BB28C00FCA58F /* ViewController.swift */ = {isa = PBXFileReference; lastKnownFileType = sourcecode.swift; path = ViewController.swift; sourceTree = "<group>"; };
		78D71F5E2C4BB28C00FCA58F /* Base */ = {isa = PBXFileReference; lastKnownFileType = file.storyboard; name = Base; path = Base.lproj/Main.storyboard; sourceTree = "<group>"; };
		78D71F602C4BB28F00FCA58F /* Assets.xcassets */ = {isa = PBXFileReference; lastKnownFileType = folder.assetcatalog; path = Assets.xcassets; sourceTree = "<group>"; };
		78D71F632C4BB28F00FCA58F /* Base */ = {isa = PBXFileReference; lastKnownFileType = file.storyboard; name = Base; path = Base.lproj/LaunchScreen.storyboard; sourceTree = "<group>"; };
		78D71F652C4BB28F00FCA58F /* Info.plist */ = {isa = PBXFileReference; lastKnownFileType = text.plist.xml; path = Info.plist; sourceTree = "<group>"; };
		D889A6F62C4BB3C7005C1E66 /* APIHandler.swift */ = {isa = PBXFileReference; lastKnownFileType = sourcecode.swift; path = APIHandler.swift; sourceTree = "<group>"; };
		D889A6F82C4BB3E2005C1E66 /* serviceErrors.swift */ = {isa = PBXFileReference; lastKnownFileType = sourcecode.swift; path = serviceErrors.swift; sourceTree = "<group>"; };
		D889A6FB2C4BB46B005C1E66 /* constants.swift */ = {isa = PBXFileReference; lastKnownFileType = sourcecode.swift; path = constants.swift; sourceTree = "<group>"; };
/* End PBXFileReference section */

/* Begin PBXFrameworksBuildPhase section */
		78D71F512C4BB28C00FCA58F /* Frameworks */ = {
			isa = PBXFrameworksBuildPhase;
			buildActionMask = 2147483647;
			files = (
			);
			runOnlyForDeploymentPostprocessing = 0;
		};
/* End PBXFrameworksBuildPhase section */

/* Begin PBXGroup section */
		78D71F4B2C4BB28C00FCA58F = {
			isa = PBXGroup;
			children = (
				78D71F562C4BB28C00FCA58F /* HackApp */,
				78D71F552C4BB28C00FCA58F /* Products */,
			);
			sourceTree = "<group>";
		};
		78D71F552C4BB28C00FCA58F /* Products */ = {
			isa = PBXGroup;
			children = (
				78D71F542C4BB28C00FCA58F /* HackApp.app */,
			);
			name = Products;
			sourceTree = "<group>";
		};
		78D71F562C4BB28C00FCA58F /* HackApp */ = {
			isa = PBXGroup;
			children = (
				78D71F6C2C4BB63A00FCA58F /* Screens */,
				78D71F6B2C4BB62100FCA58F /* Repo */,
				D889A6F52C4BB3AA005C1E66 /* serviceLayer */,
				D889A6FA2C4BB431005C1E66 /* Utils */,
				78D71F572C4BB28C00FCA58F /* AppDelegate.swift */,
				78D71F592C4BB28C00FCA58F /* SceneDelegate.swift */,
				78D71F5B2C4BB28C00FCA58F /* ViewController.swift */,
				78D71F5D2C4BB28C00FCA58F /* Main.storyboard */,
				78D71F602C4BB28F00FCA58F /* Assets.xcassets */,
				78D71F622C4BB28F00FCA58F /* LaunchScreen.storyboard */,
				78D71F652C4BB28F00FCA58F /* Info.plist */,
			);
			path = HackApp;
			sourceTree = "<group>";
		};
		78D71F6B2C4BB62100FCA58F /* Repo */ = {
			isa = PBXGroup;
			children = (
				78D71F6D2C4BB66900FCA58F /* Models */,
			);
			path = Repo;
			sourceTree = "<group>";
		};
		78D71F6C2C4BB63A00FCA58F /* Screens */ = {
			isa = PBXGroup;
			children = (
			);
			path = Screens;
			sourceTree = "<group>";
		};
		78D71F6D2C4BB66900FCA58F /* Models */ = {
			isa = PBXGroup;
			children = (
			);
			path = Models;
			sourceTree = "<group>";
		};
		D889A6F52C4BB3AA005C1E66 /* serviceLayer */ = {
			isa = PBXGroup;
			children = (
				D889A6F62C4BB3C7005C1E66 /* APIHandler.swift */,
				D889A6F82C4BB3E2005C1E66 /* serviceErrors.swift */,
			);
			path = serviceLayer;
			sourceTree = "<group>";
		};
		D889A6FA2C4BB431005C1E66 /* Utils */ = {
			isa = PBXGroup;
			children = (
				D889A6FB2C4BB46B005C1E66 /* constants.swift */,
			);
			path = Utils;
			sourceTree = "<group>";
		};
/* End PBXGroup section */

/* Begin PBXNativeTarget section */
		78D71F532C4BB28C00FCA58F /* HackApp */ = {
			isa = PBXNativeTarget;
			buildConfigurationList = 78D71F682C4BB28F00FCA58F /* Build configuration list for PBXNativeTarget "HackApp" */;
			buildPhases = (
				78D71F502C4BB28C00FCA58F /* Sources */,
				78D71F512C4BB28C00FCA58F /* Frameworks */,
				78D71F522C4BB28C00FCA58F /* Resources */,
			);
			buildRules = (
			);
			dependencies = (
			);
			name = HackApp;
			productName = HackApp;
			productReference = 78D71F542C4BB28C00FCA58F /* HackApp.app */;
			productType = "com.apple.product-type.application";
		};
/* End PBXNativeTarget section */

/* Begin PBXProject section */
		78D71F4C2C4BB28C00FCA58F /* Project object */ = {
			isa = PBXProject;
			attributes = {
				BuildIndependentTargetsInParallel = 1;
				LastSwiftUpdateCheck = 1420;
				LastUpgradeCheck = 1420;
				TargetAttributes = {
					78D71F532C4BB28C00FCA58F = {
						CreatedOnToolsVersion = 14.2;
					};
				};
			};
			buildConfigurationList = 78D71F4F2C4BB28C00FCA58F /* Build configuration list for PBXProject "HackApp" */;
			compatibilityVersion = "Xcode 14.0";
			developmentRegion = en;
			hasScannedForEncodings = 0;
			knownRegions = (
				en,
				Base,
			);
			mainGroup = 78D71F4B2C4BB28C00FCA58F;
			productRefGroup = 78D71F552C4BB28C00FCA58F /* Products */;
			projectDirPath = "";
			projectRoot = "";
			targets = (
				78D71F532C4BB28C00FCA58F /* HackApp */,
			);
		};
/* End PBXProject section */

/* Begin PBXResourcesBuildPhase section */
		78D71F522C4BB28C00FCA58F /* Resources */ = {
			isa = PBXResourcesBuildPhase;
			buildActionMask = 2147483647;
			files = (
				78D71F642C4BB28F00FCA58F /* LaunchScreen.storyboard in Resources */,
				78D71F612C4BB28F00FCA58F /* Assets.xcassets in Resources */,
				78D71F5F2C4BB28C00FCA58F /* Main.storyboard in Resources */,
			);
			runOnlyForDeploymentPostprocessing = 0;
		};
/* End PBXResourcesBuildPhase section */

/* Begin PBXSourcesBuildPhase section */
		78D71F502C4BB28C00FCA58F /* Sources */ = {
			isa = PBXSourcesBuildPhase;
			buildActionMask = 2147483647;
			files = (
				78D71F5C2C4BB28C00FCA58F /* ViewController.swift in Sources */,
				D889A6F92C4BB3E2005C1E66 /* serviceErrors.swift in Sources */,
				78D71F582C4BB28C00FCA58F /* AppDelegate.swift in Sources */,
				78D71F5A2C4BB28C00FCA58F /* SceneDelegate.swift in Sources */,
				D889A6F72C4BB3C7005C1E66 /* APIHandler.swift in Sources */,
				D889A6FC2C4BB46B005C1E66 /* constants.swift in Sources */,
			);
			runOnlyForDeploymentPostprocessing = 0;
		};
/* End PBXSourcesBuildPhase section */

/* Begin PBXVariantGroup section */
		78D71F5D2C4BB28C00FCA58F /* Main.storyboard */ = {
			isa = PBXVariantGroup;
			children = (
				78D71F5E2C4BB28C00FCA58F /* Base */,
			);
			name = Main.storyboard;
			sourceTree = "<group>";
		};
		78D71F622C4BB28F00FCA58F /* LaunchScreen.storyboard */ = {
			isa = PBXVariantGroup;
			children = (
				78D71F632C4BB28F00FCA58F /* Base */,
			);
			name = LaunchScreen.storyboard;
			sourceTree = "<group>";
		};
/* End PBXVariantGroup section */

/* Begin XCBuildConfiguration section */
		78D71F662C4BB28F00FCA58F /* Debug */ = {
			isa = XCBuildConfiguration;
			buildSettings = {
				ALWAYS_SEARCH_USER_PATHS = NO;
				CLANG_ANALYZER_NONNULL = YES;
				CLANG_ANALYZER_NUMBER_OBJECT_CONVERSION = YES_AGGRESSIVE;
				CLANG_CXX_LANGUAGE_STANDARD = "gnu++20";
				CLANG_ENABLE_MODULES = YES;
				CLANG_ENABLE_OBJC_ARC = YES;
				CLANG_ENABLE_OBJC_WEAK = YES;
				CLANG_WARN_BLOCK_CAPTURE_AUTORELEASING = YES;
				CLANG_WARN_BOOL_CONVERSION = YES;
				CLANG_WARN_COMMA = YES;
				CLANG_WARN_CONSTANT_CONVERSION = YES;
				CLANG_WARN_DEPRECATED_OBJC_IMPLEMENTATIONS = YES;
				CLANG_WARN_DIRECT_OBJC_ISA_USAGE = YES_ERROR;
				CLANG_WARN_DOCUMENTATION_COMMENTS = YES;
				CLANG_WARN_EMPTY_BODY = YES;
				CLANG_WARN_ENUM_CONVERSION = YES;
				CLANG_WARN_INFINITE_RECURSION = YES;
				CLANG_WARN_INT_CONVERSION = YES;
				CLANG_WARN_NON_LITERAL_NULL_CONVERSION = YES;
				CLANG_WARN_OBJC_IMPLICIT_RETAIN_SELF = YES;
				CLANG_WARN_OBJC_LITERAL_CONVERSION = YES;
				CLANG_WARN_OBJC_ROOT_CLASS = YES_ERROR;
				CLANG_WARN_QUOTED_INCLUDE_IN_FRAMEWORK_HEADER = YES;
				CLANG_WARN_RANGE_LOOP_ANALYSIS = YES;
				CLANG_WARN_STRICT_PROTOTYPES = YES;
				CLANG_WARN_SUSPICIOUS_MOVE = YES;
				CLANG_WARN_UNGUARDED_AVAILABILITY = YES_AGGRESSIVE;
				CLANG_WARN_UNREACHABLE_CODE = YES;
				CLANG_WARN__DUPLICATE_METHOD_MATCH = YES;
				COPY_PHASE_STRIP = NO;
				DEBUG_INFORMATION_FORMAT = dwarf;
				ENABLE_STRICT_OBJC_MSGSEND = YES;
				ENABLE_TESTABILITY = YES;
				GCC_C_LANGUAGE_STANDARD = gnu11;
				GCC_DYNAMIC_NO_PIC = NO;
				GCC_NO_COMMON_BLOCKS = YES;
				GCC_OPTIMIZATION_LEVEL = 0;
				GCC_PREPROCESSOR_DEFINITIONS = (
					"DEBUG=1",
					"$(inherited)",
				);
				GCC_WARN_64_TO_32_BIT_CONVERSION = YES;
				GCC_WARN_ABOUT_RETURN_TYPE = YES_ERROR;
				GCC_WARN_UNDECLARED_SELECTOR = YES;
				GCC_WARN_UNINITIALIZED_AUTOS = YES_AGGRESSIVE;
				GCC_WARN_UNUSED_FUNCTION = YES;
				GCC_WARN_UNUSED_VARIABLE = YES;
				IPHONEOS_DEPLOYMENT_TARGET = 16.2;
				MTL_ENABLE_DEBUG_INFO = INCLUDE_SOURCE;
				MTL_FAST_MATH = YES;
				ONLY_ACTIVE_ARCH = YES;
				SDKROOT = iphoneos;
				SWIFT_ACTIVE_COMPILATION_CONDITIONS = DEBUG;
				SWIFT_OPTIMIZATION_LEVEL = "-Onone";
			};
			name = Debug;
		};
		78D71F672C4BB28F00FCA58F /* Release */ = {
			isa = XCBuildConfiguration;
			buildSettings = {
				ALWAYS_SEARCH_USER_PATHS = NO;
				CLANG_ANALYZER_NONNULL = YES;
				CLANG_ANALYZER_NUMBER_OBJECT_CONVERSION = YES_AGGRESSIVE;
				CLANG_CXX_LANGUAGE_STANDARD = "gnu++20";
				CLANG_ENABLE_MODULES = YES;
				CLANG_ENABLE_OBJC_ARC = YES;
				CLANG_ENABLE_OBJC_WEAK = YES;
				CLANG_WARN_BLOCK_CAPTURE_AUTORELEASING = YES;
				CLANG_WARN_BOOL_CONVERSION = YES;
				CLANG_WARN_COMMA = YES;
				CLANG_WARN_CONSTANT_CONVERSION = YES;
				CLANG_WARN_DEPRECATED_OBJC_IMPLEMENTATIONS = YES;
				CLANG_WARN_DIRECT_OBJC_ISA_USAGE = YES_ERROR;
				CLANG_WARN_DOCUMENTATION_COMMENTS = YES;
				CLANG_WARN_EMPTY_BODY = YES;
				CLANG_WARN_ENUM_CONVERSION = YES;
				CLANG_WARN_INFINITE_RECURSION = YES;
				CLANG_WARN_INT_CONVERSION = YES;
				CLANG_WARN_NON_LITERAL_NULL_CONVERSION = YES;
				CLANG_WARN_OBJC_IMPLICIT_RETAIN_SELF = YES;
				CLANG_WARN_OBJC_LITERAL_CONVERSION = YES;
				CLANG_WARN_OBJC_ROOT_CLASS = YES_ERROR;
				CLANG_WARN_QUOTED_INCLUDE_IN_FRAMEWORK_HEADER = YES;
				CLANG_WARN_RANGE_LOOP_ANALYSIS = YES;
				CLANG_WARN_STRICT_PROTOTYPES = YES;
				CLANG_WARN_SUSPICIOUS_MOVE = YES;
				CLANG_WARN_UNGUARDED_AVAILABILITY = YES_AGGRESSIVE;
				CLANG_WARN_UNREACHABLE_CODE = YES;
				CLANG_WARN__DUPLICATE_METHOD_MATCH = YES;
				COPY_PHASE_STRIP = NO;
				DEBUG_INFORMATION_FORMAT = "dwarf-with-dsym";
				ENABLE_NS_ASSERTIONS = NO;
				ENABLE_STRICT_OBJC_MSGSEND = YES;
				GCC_C_LANGUAGE_STANDARD = gnu11;
				GCC_NO_COMMON_BLOCKS = YES;
				GCC_WARN_64_TO_32_BIT_CONVERSION = YES;
				GCC_WARN_ABOUT_RETURN_TYPE = YES_ERROR;
				GCC_WARN_UNDECLARED_SELECTOR = YES;
				GCC_WARN_UNINITIALIZED_AUTOS = YES_AGGRESSIVE;
				GCC_WARN_UNUSED_FUNCTION = YES;
				GCC_WARN_UNUSED_VARIABLE = YES;
				IPHONEOS_DEPLOYMENT_TARGET = 16.2;
				MTL_ENABLE_DEBUG_INFO = NO;
				MTL_FAST_MATH = YES;
				SDKROOT = iphoneos;
				SWIFT_COMPILATION_MODE = wholemodule;
				SWIFT_OPTIMIZATION_LEVEL = "-O";
				VALIDATE_PRODUCT = YES;
			};
			name = Release;
		};
		78D71F692C4BB28F00FCA58F /* Debug */ = {
			isa = XCBuildConfiguration;
			buildSettings = {
				ASSETCATALOG_COMPILER_APPICON_NAME = AppIcon;
				ASSETCATALOG_COMPILER_GLOBAL_ACCENT_COLOR_NAME = AccentColor;
				CODE_SIGN_STYLE = Automatic;
				CURRENT_PROJECT_VERSION = 1;
				GENERATE_INFOPLIST_FILE = YES;
				INFOPLIST_FILE = HackApp/Info.plist;
				INFOPLIST_KEY_UIApplicationSupportsIndirectInputEvents = YES;
				INFOPLIST_KEY_UILaunchStoryboardName = LaunchScreen;
				INFOPLIST_KEY_UIMainStoryboardFile = Main;
				INFOPLIST_KEY_UISupportedInterfaceOrientations_iPad = "UIInterfaceOrientationPortrait UIInterfaceOrientationPortraitUpsideDown UIInterfaceOrientationLandscapeLeft UIInterfaceOrientationLandscapeRight";
				INFOPLIST_KEY_UISupportedInterfaceOrientations_iPhone = "UIInterfaceOrientationPortrait UIInterfaceOrientationLandscapeLeft UIInterfaceOrientationLandscapeRight";
				LD_RUNPATH_SEARCH_PATHS = (
					"$(inherited)",
					"@executable_path/Frameworks",
				);
				MARKETING_VERSION = 1.0;
				PRODUCT_BUNDLE_IDENTIFIER = com.DVT.HackApp;
				PRODUCT_NAME = "$(TARGET_NAME)";
				SWIFT_EMIT_LOC_STRINGS = YES;
				SWIFT_VERSION = 5.0;
				TARGETED_DEVICE_FAMILY = "1,2";
			};
			name = Debug;
		};
		78D71F6A2C4BB28F00FCA58F /* Release */ = {
			isa = XCBuildConfiguration;
			buildSettings = {
				ASSETCATALOG_COMPILER_APPICON_NAME = AppIcon;
				ASSETCATALOG_COMPILER_GLOBAL_ACCENT_COLOR_NAME = AccentColor;
				CODE_SIGN_STYLE = Automatic;
				CURRENT_PROJECT_VERSION = 1;
				GENERATE_INFOPLIST_FILE = YES;
				INFOPLIST_FILE = HackApp/Info.plist;
				INFOPLIST_KEY_UIApplicationSupportsIndirectInputEvents = YES;
				INFOPLIST_KEY_UILaunchStoryboardName = LaunchScreen;
				INFOPLIST_KEY_UIMainStoryboardFile = Main;
				INFOPLIST_KEY_UISupportedInterfaceOrientations_iPad = "UIInterfaceOrientationPortrait UIInterfaceOrientationPortraitUpsideDown UIInterfaceOrientationLandscapeLeft UIInterfaceOrientationLandscapeRight";
				INFOPLIST_KEY_UISupportedInterfaceOrientations_iPhone = "UIInterfaceOrientationPortrait UIInterfaceOrientationLandscapeLeft UIInterfaceOrientationLandscapeRight";
				LD_RUNPATH_SEARCH_PATHS = (
					"$(inherited)",
					"@executable_path/Frameworks",
				);
				MARKETING_VERSION = 1.0;
				PRODUCT_BUNDLE_IDENTIFIER = com.DVT.HackApp;
				PRODUCT_NAME = "$(TARGET_NAME)";
				SWIFT_EMIT_LOC_STRINGS = YES;
				SWIFT_VERSION = 5.0;
				TARGETED_DEVICE_FAMILY = "1,2";
			};
			name = Release;
		};
/* End XCBuildConfiguration section */

/* Begin XCConfigurationList section */
		78D71F4F2C4BB28C00FCA58F /* Build configuration list for PBXProject "HackApp" */ = {
			isa = XCConfigurationList;
			buildConfigurations = (
				78D71F662C4BB28F00FCA58F /* Debug */,
				78D71F672C4BB28F00FCA58F /* Release */,
			);
			defaultConfigurationIsVisible = 0;
			defaultConfigurationName = Release;
		};
		78D71F682C4BB28F00FCA58F /* Build configuration list for PBXNativeTarget "HackApp" */ = {
			isa = XCConfigurationList;
			buildConfigurations = (
				78D71F692C4BB28F00FCA58F /* Debug */,
				78D71F6A2C4BB28F00FCA58F /* Release */,
			);
			defaultConfigurationIsVisible = 0;
			defaultConfigurationName = Release;
		};
/* End XCConfigurationList section */
	};
	rootObject = 78D71F4C2C4BB28C00FCA58F /* Project object */;
}
